// !$*UTF8*$!
{
	archiveVersion = 1;
	classes = {
	};
	objectVersion = 56;
	objects = {

/* Begin PBXBuildFile section */
		1ADF78410A1BCF97F4698800 /* Pods_Reader_Leader.framework in Frameworks */ = {isa = PBXBuildFile; fileRef = 1CEA8D89D78E350258B77FE2 /* Pods_Reader_Leader.framework */; };
		506EC0262AD04F3100AF08C5 /* CustomCellForSelectRSSTableView.xib in Resources */ = {isa = PBXBuildFile; fileRef = 506EC0252AD04F3100AF08C5 /* CustomCellForSelectRSSTableView.xib */; };
		507FC1802AD91F410047A787 /* CellForRSSListSideTableView.swift in Sources */ = {isa = PBXBuildFile; fileRef = 507FC17F2AD91F410047A787 /* CellForRSSListSideTableView.swift */; };
		50949FE42AD54DE900AF30E4 /* CustomCellForRSSListTableView.swift in Sources */ = {isa = PBXBuildFile; fileRef = 50949FE32AD54DE900AF30E4 /* CustomCellForRSSListTableView.swift */; };
		50949FEF2AD767CA00AF30E4 /* CustomCellForSelectRSSTableView.swift in Sources */ = {isa = PBXBuildFile; fileRef = 50949FEE2AD767CA00AF30E4 /* CustomCellForSelectRSSTableView.swift */; };
		50949FF32AD76AE800AF30E4 /* CustomCellForRSSListCollectionView.swift in Sources */ = {isa = PBXBuildFile; fileRef = 50949FF22AD76AE800AF30E4 /* CustomCellForRSSListCollectionView.swift */; };
		50949FF92AD7C6F200AF30E4 /* CellForPreferenceTableView.swift in Sources */ = {isa = PBXBuildFile; fileRef = 50949FF82AD7C6F200AF30E4 /* CellForPreferenceTableView.swift */; };
		50A7C9EC2AD042D100BB3B9B /* CustomCellForRSSListTableView.xib in Resources */ = {isa = PBXBuildFile; fileRef = 50A7C9EB2AD042D100BB3B9B /* CustomCellForRSSListTableView.xib */; };
		50C4F5F92AD8E7CF0086D21E /* Assets.xcassets in Resources */ = {isa = PBXBuildFile; fileRef = 50C4F5F82AD8E7CF0086D21E /* Assets.xcassets */; };
		50F192882ACC6A3300999CDC /* AppDelegate.swift in Sources */ = {isa = PBXBuildFile; fileRef = 50F192872ACC6A3300999CDC /* AppDelegate.swift */; };
		50F1928A2ACC6A3300999CDC /* SceneDelegate.swift in Sources */ = {isa = PBXBuildFile; fileRef = 50F192892ACC6A3300999CDC /* SceneDelegate.swift */; };
		50F1928C2ACC6A3300999CDC /* LoginViewController.swift in Sources */ = {isa = PBXBuildFile; fileRef = 50F1928B2ACC6A3300999CDC /* LoginViewController.swift */; };
		50F1928F2ACC6A3300999CDC /* Main.storyboard in Resources */ = {isa = PBXBuildFile; fileRef = 50F1928D2ACC6A3300999CDC /* Main.storyboard */; };
		50F192942ACC6A3300999CDC /* LaunchScreen.storyboard in Resources */ = {isa = PBXBuildFile; fileRef = 50F192922ACC6A3300999CDC /* LaunchScreen.storyboard */; };
		50F1929E2AD0409300999CDC /* SelectRSSChannelViewController.swift in Sources */ = {isa = PBXBuildFile; fileRef = 50F1929D2AD0409300999CDC /* SelectRSSChannelViewController.swift */; };
		50F192A02AD040BF00999CDC /* RSSListTableViewController.swift in Sources */ = {isa = PBXBuildFile; fileRef = 50F1929F2AD040BF00999CDC /* RSSListTableViewController.swift */; };
		50F192A22AD040DE00999CDC /* RSSCollectionViewController.swift in Sources */ = {isa = PBXBuildFile; fileRef = 50F192A12AD040DE00999CDC /* RSSCollectionViewController.swift */; };
		50F192A42AD040F100999CDC /* RSSListSideViewController.swift in Sources */ = {isa = PBXBuildFile; fileRef = 50F192A32AD040F100999CDC /* RSSListSideViewController.swift */; };
		50F192A62AD0412600999CDC /* ArticleViewController.swift in Sources */ = {isa = PBXBuildFile; fileRef = 50F192A52AD0412600999CDC /* ArticleViewController.swift */; };
		50F192A82AD0414500999CDC /* PreferenceViewController.swift in Sources */ = {isa = PBXBuildFile; fileRef = 50F192A72AD0414500999CDC /* PreferenceViewController.swift */; };
		50F192AA2AD0419400999CDC /* PreferenceSubViewController.swift in Sources */ = {isa = PBXBuildFile; fileRef = 50F192A92AD0419400999CDC /* PreferenceSubViewController.swift */; };
		50F192AC2AD041AF00999CDC /* ManageRSSChannelViewController.swift in Sources */ = {isa = PBXBuildFile; fileRef = 50F192AB2AD041AF00999CDC /* ManageRSSChannelViewController.swift */; };
		50F192B02AD0422000999CDC /* CustomCellForRSSListCollectionView.xib in Resources */ = {isa = PBXBuildFile; fileRef = 50F192AF2AD0422000999CDC /* CustomCellForRSSListCollectionView.xib */; };
		50FE4FFD2AEA1ACF007A3F18 /* Preferences.swift in Sources */ = {isa = PBXBuildFile; fileRef = 50FE4FFC2AEA1ACE007A3F18 /* Preferences.swift */; };
		50FE4FFF2AEA4944007A3F18 /* RSSFeedParser.swift in Sources */ = {isa = PBXBuildFile; fileRef = 50FE4FFE2AEA4944007A3F18 /* RSSFeedParser.swift */; };
		50FE50022AEA4E88007A3F18 /* FeedData.swift in Sources */ = {isa = PBXBuildFile; fileRef = 50FE50012AEA4E88007A3F18 /* FeedData.swift */; };
		50FE50042AEFFCDB007A3F18 /* RSSChannelResource.swift in Sources */ = {isa = PBXBuildFile; fileRef = 50FE50032AEFFCDA007A3F18 /* RSSChannelResource.swift */; };
/* End PBXBuildFile section */

/* Begin PBXFileReference section */
		1CEA8D89D78E350258B77FE2 /* Pods_Reader_Leader.framework */ = {isa = PBXFileReference; explicitFileType = wrapper.framework; includeInIndex = 0; path = Pods_Reader_Leader.framework; sourceTree = BUILT_PRODUCTS_DIR; };
		506EC0252AD04F3100AF08C5 /* CustomCellForSelectRSSTableView.xib */ = {isa = PBXFileReference; lastKnownFileType = file.xib; name = CustomCellForSelectRSSTableView.xib; path = ../CustomCellForSelectRSSTableView.xib; sourceTree = "<group>"; };
		507FC17F2AD91F410047A787 /* CellForRSSListSideTableView.swift */ = {isa = PBXFileReference; lastKnownFileType = sourcecode.swift; path = CellForRSSListSideTableView.swift; sourceTree = "<group>"; };
		50949FE32AD54DE900AF30E4 /* CustomCellForRSSListTableView.swift */ = {isa = PBXFileReference; lastKnownFileType = sourcecode.swift; path = CustomCellForRSSListTableView.swift; sourceTree = "<group>"; };
		50949FEE2AD767CA00AF30E4 /* CustomCellForSelectRSSTableView.swift */ = {isa = PBXFileReference; lastKnownFileType = sourcecode.swift; path = CustomCellForSelectRSSTableView.swift; sourceTree = "<group>"; };
		50949FF22AD76AE800AF30E4 /* CustomCellForRSSListCollectionView.swift */ = {isa = PBXFileReference; lastKnownFileType = sourcecode.swift; path = CustomCellForRSSListCollectionView.swift; sourceTree = "<group>"; };
		50949FF82AD7C6F200AF30E4 /* CellForPreferenceTableView.swift */ = {isa = PBXFileReference; lastKnownFileType = sourcecode.swift; path = CellForPreferenceTableView.swift; sourceTree = "<group>"; };
		50A7C9EB2AD042D100BB3B9B /* CustomCellForRSSListTableView.xib */ = {isa = PBXFileReference; lastKnownFileType = file.xib; path = CustomCellForRSSListTableView.xib; sourceTree = "<group>"; };
		50C4F5F82AD8E7CF0086D21E /* Assets.xcassets */ = {isa = PBXFileReference; lastKnownFileType = folder.assetcatalog; path = Assets.xcassets; sourceTree = "<group>"; };
		50F192842ACC6A3300999CDC /* Reader Leader.app */ = {isa = PBXFileReference; explicitFileType = wrapper.application; includeInIndex = 0; path = "Reader Leader.app"; sourceTree = BUILT_PRODUCTS_DIR; };
		50F192872ACC6A3300999CDC /* AppDelegate.swift */ = {isa = PBXFileReference; lastKnownFileType = sourcecode.swift; path = AppDelegate.swift; sourceTree = "<group>"; };
		50F192892ACC6A3300999CDC /* SceneDelegate.swift */ = {isa = PBXFileReference; lastKnownFileType = sourcecode.swift; path = SceneDelegate.swift; sourceTree = "<group>"; };
		50F1928B2ACC6A3300999CDC /* LoginViewController.swift */ = {isa = PBXFileReference; lastKnownFileType = sourcecode.swift; path = LoginViewController.swift; sourceTree = "<group>"; };
		50F1928E2ACC6A3300999CDC /* Base */ = {isa = PBXFileReference; lastKnownFileType = file.storyboard; name = Base; path = Base.lproj/Main.storyboard; sourceTree = "<group>"; };
		50F192932ACC6A3300999CDC /* Base */ = {isa = PBXFileReference; lastKnownFileType = file.storyboard; name = Base; path = Base.lproj/LaunchScreen.storyboard; sourceTree = "<group>"; };
		50F192952ACC6A3300999CDC /* Info.plist */ = {isa = PBXFileReference; lastKnownFileType = text.plist.xml; path = Info.plist; sourceTree = "<group>"; };
		50F1929D2AD0409300999CDC /* SelectRSSChannelViewController.swift */ = {isa = PBXFileReference; lastKnownFileType = sourcecode.swift; path = SelectRSSChannelViewController.swift; sourceTree = "<group>"; };
		50F1929F2AD040BF00999CDC /* RSSListTableViewController.swift */ = {isa = PBXFileReference; lastKnownFileType = sourcecode.swift; path = RSSListTableViewController.swift; sourceTree = "<group>"; };
		50F192A12AD040DE00999CDC /* RSSCollectionViewController.swift */ = {isa = PBXFileReference; lastKnownFileType = sourcecode.swift; path = RSSCollectionViewController.swift; sourceTree = "<group>"; };
		50F192A32AD040F100999CDC /* RSSListSideViewController.swift */ = {isa = PBXFileReference; lastKnownFileType = sourcecode.swift; path = RSSListSideViewController.swift; sourceTree = "<group>"; };
		50F192A52AD0412600999CDC /* ArticleViewController.swift */ = {isa = PBXFileReference; lastKnownFileType = sourcecode.swift; path = ArticleViewController.swift; sourceTree = "<group>"; };
		50F192A72AD0414500999CDC /* PreferenceViewController.swift */ = {isa = PBXFileReference; lastKnownFileType = sourcecode.swift; path = PreferenceViewController.swift; sourceTree = "<group>"; };
		50F192A92AD0419400999CDC /* PreferenceSubViewController.swift */ = {isa = PBXFileReference; lastKnownFileType = sourcecode.swift; path = PreferenceSubViewController.swift; sourceTree = "<group>"; };
		50F192AB2AD041AF00999CDC /* ManageRSSChannelViewController.swift */ = {isa = PBXFileReference; lastKnownFileType = sourcecode.swift; path = ManageRSSChannelViewController.swift; sourceTree = "<group>"; };
		50F192AF2AD0422000999CDC /* CustomCellForRSSListCollectionView.xib */ = {isa = PBXFileReference; lastKnownFileType = file.xib; path = CustomCellForRSSListCollectionView.xib; sourceTree = "<group>"; };
		50FE4FFC2AEA1ACE007A3F18 /* Preferences.swift */ = {isa = PBXFileReference; lastKnownFileType = sourcecode.swift; path = Preferences.swift; sourceTree = "<group>"; };
		50FE4FFE2AEA4944007A3F18 /* RSSFeedParser.swift */ = {isa = PBXFileReference; lastKnownFileType = sourcecode.swift; path = RSSFeedParser.swift; sourceTree = "<group>"; };
		50FE50012AEA4E88007A3F18 /* FeedData.swift */ = {isa = PBXFileReference; lastKnownFileType = sourcecode.swift; path = FeedData.swift; sourceTree = "<group>"; };
		50FE50032AEFFCDA007A3F18 /* RSSChannelResource.swift */ = {isa = PBXFileReference; lastKnownFileType = sourcecode.swift; path = RSSChannelResource.swift; sourceTree = "<group>"; };
		61963E806D14C50ACC597502 /* Pods-Reader Leader.release.xcconfig */ = {isa = PBXFileReference; includeInIndex = 1; lastKnownFileType = text.xcconfig; name = "Pods-Reader Leader.release.xcconfig"; path = "Target Support Files/Pods-Reader Leader/Pods-Reader Leader.release.xcconfig"; sourceTree = "<group>"; };
		6A0D96BFB800AF3B63349112 /* Pods-Reader Leader.debug.xcconfig */ = {isa = PBXFileReference; includeInIndex = 1; lastKnownFileType = text.xcconfig; name = "Pods-Reader Leader.debug.xcconfig"; path = "Target Support Files/Pods-Reader Leader/Pods-Reader Leader.debug.xcconfig"; sourceTree = "<group>"; };
/* End PBXFileReference section */

/* Begin PBXFrameworksBuildPhase section */
		50F192812ACC6A3300999CDC /* Frameworks */ = {
			isa = PBXFrameworksBuildPhase;
			buildActionMask = 2147483647;
			files = (
				1ADF78410A1BCF97F4698800 /* Pods_Reader_Leader.framework in Frameworks */,
			);
			runOnlyForDeploymentPostprocessing = 0;
		};
/* End PBXFrameworksBuildPhase section */

/* Begin PBXGroup section */
		5093F1762AD043A4002BE727 /* Views */ = {
			isa = PBXGroup;
			children = (
				50F192922ACC6A3300999CDC /* LaunchScreen.storyboard */,
				50F1928D2ACC6A3300999CDC /* Main.storyboard */,
				5093F1782AD043DD002BE727 /* CustomCells */,
			);
			path = Views;
			sourceTree = "<group>";
		};
		5093F1772AD043B3002BE727 /* Controllers */ = {
			isa = PBXGroup;
			children = (
				50FE50052AF12F3A007A3F18 /* MainView */,
				50F192A72AD0414500999CDC /* PreferenceViewController.swift */,
				50F192A52AD0412600999CDC /* ArticleViewController.swift */,
				50F192AB2AD041AF00999CDC /* ManageRSSChannelViewController.swift */,
				50F1928B2ACC6A3300999CDC /* LoginViewController.swift */,
				50F1929D2AD0409300999CDC /* SelectRSSChannelViewController.swift */,
				50F192A92AD0419400999CDC /* PreferenceSubViewController.swift */,
				50949FE52AD54DEF00AF30E4 /* CustomCells */,
			);
			path = Controllers;
			sourceTree = "<group>";
		};
		5093F1782AD043DD002BE727 /* CustomCells */ = {
			isa = PBXGroup;
			children = (
				50A7C9EB2AD042D100BB3B9B /* CustomCellForRSSListTableView.xib */,
				506EC0252AD04F3100AF08C5 /* CustomCellForSelectRSSTableView.xib */,
				50F192AF2AD0422000999CDC /* CustomCellForRSSListCollectionView.xib */,
			);
			path = CustomCells;
			sourceTree = "<group>";
		};
		50949FE52AD54DEF00AF30E4 /* CustomCells */ = {
			isa = PBXGroup;
			children = (
				50949FE32AD54DE900AF30E4 /* CustomCellForRSSListTableView.swift */,
				507FC17F2AD91F410047A787 /* CellForRSSListSideTableView.swift */,
				50949FF82AD7C6F200AF30E4 /* CellForPreferenceTableView.swift */,
				50949FEE2AD767CA00AF30E4 /* CustomCellForSelectRSSTableView.swift */,
				50949FF22AD76AE800AF30E4 /* CustomCellForRSSListCollectionView.swift */,
			);
			path = CustomCells;
			sourceTree = "<group>";
		};
		50F1927B2ACC6A3200999CDC = {
			isa = PBXGroup;
			children = (
				50F192862ACC6A3300999CDC /* Reader Leader */,
				50F192852ACC6A3300999CDC /* Products */,
				942E2815621DC898E220DDBE /* Pods */,
				55CA2367FBFECA201C2962E1 /* Frameworks */,
			);
			sourceTree = "<group>";
		};
		50F192852ACC6A3300999CDC /* Products */ = {
			isa = PBXGroup;
			children = (
				50F192842ACC6A3300999CDC /* Reader Leader.app */,
			);
			name = Products;
			sourceTree = "<group>";
		};
		50F192862ACC6A3300999CDC /* Reader Leader */ = {
			isa = PBXGroup;
			children = (
				50FE4FFB2AEA1A94007A3F18 /* Models */,
				5093F1772AD043B3002BE727 /* Controllers */,
				5093F1762AD043A4002BE727 /* Views */,
				50F192872ACC6A3300999CDC /* AppDelegate.swift */,
				50C4F5F82AD8E7CF0086D21E /* Assets.xcassets */,
				50F192892ACC6A3300999CDC /* SceneDelegate.swift */,
				50F192952ACC6A3300999CDC /* Info.plist */,
			);
			path = "Reader Leader";
			sourceTree = "<group>";
		};
		50FE4FFB2AEA1A94007A3F18 /* Models */ = {
			isa = PBXGroup;
			children = (
				50FE4FFC2AEA1ACE007A3F18 /* Preferences.swift */,
				50FE50032AEFFCDA007A3F18 /* RSSChannelResource.swift */,
				50FE50012AEA4E88007A3F18 /* FeedData.swift */,
				50FE4FFE2AEA4944007A3F18 /* RSSFeedParser.swift */,
			);
			path = Models;
			sourceTree = "<group>";
		};
		50FE50052AF12F3A007A3F18 /* MainView */ = {
			isa = PBXGroup;
			children = (
				50F1929F2AD040BF00999CDC /* RSSListTableViewController.swift */,
				50F192A12AD040DE00999CDC /* RSSCollectionViewController.swift */,
				50F192A32AD040F100999CDC /* RSSListSideViewController.swift */,
			);
			path = MainView;
			sourceTree = "<group>";
		};
		55CA2367FBFECA201C2962E1 /* Frameworks */ = {
			isa = PBXGroup;
			children = (
				1CEA8D89D78E350258B77FE2 /* Pods_Reader_Leader.framework */,
			);
			name = Frameworks;
			sourceTree = "<group>";
		};
		942E2815621DC898E220DDBE /* Pods */ = {
			isa = PBXGroup;
			children = (
				6A0D96BFB800AF3B63349112 /* Pods-Reader Leader.debug.xcconfig */,
				61963E806D14C50ACC597502 /* Pods-Reader Leader.release.xcconfig */,
			);
			path = Pods;
			sourceTree = "<group>";
		};
/* End PBXGroup section */

/* Begin PBXNativeTarget section */
		50F192832ACC6A3300999CDC /* Reader Leader */ = {
			isa = PBXNativeTarget;
			buildConfigurationList = 50F192982ACC6A3300999CDC /* Build configuration list for PBXNativeTarget "Reader Leader" */;
			buildPhases = (
				CE7CC98E11500463643D93A2 /* [CP] Check Pods Manifest.lock */,
				50F192802ACC6A3300999CDC /* Sources */,
				50F192812ACC6A3300999CDC /* Frameworks */,
				50F192822ACC6A3300999CDC /* Resources */,
				F09009A641B814BF1E4B5874 /* [CP] Embed Pods Frameworks */,
			);
			buildRules = (
			);
			dependencies = (
			);
			name = "Reader Leader";
			productName = "Reader Leader";
			productReference = 50F192842ACC6A3300999CDC /* Reader Leader.app */;
			productType = "com.apple.product-type.application";
		};
/* End PBXNativeTarget section */

/* Begin PBXProject section */
		50F1927C2ACC6A3200999CDC /* Project object */ = {
			isa = PBXProject;
			attributes = {
				BuildIndependentTargetsInParallel = 1;
				LastSwiftUpdateCheck = 1420;
				LastUpgradeCheck = 1420;
				TargetAttributes = {
					50F192832ACC6A3300999CDC = {
						CreatedOnToolsVersion = 14.2;
					};
				};
			};
			buildConfigurationList = 50F1927F2ACC6A3200999CDC /* Build configuration list for PBXProject "Reader Leader" */;
			compatibilityVersion = "Xcode 14.0";
			developmentRegion = en;
			hasScannedForEncodings = 0;
			knownRegions = (
				en,
				Base,
			);
			mainGroup = 50F1927B2ACC6A3200999CDC;
			productRefGroup = 50F192852ACC6A3300999CDC /* Products */;
			projectDirPath = "";
			projectRoot = "";
			targets = (
				50F192832ACC6A3300999CDC /* Reader Leader */,
			);
		};
/* End PBXProject section */

/* Begin PBXResourcesBuildPhase section */
		50F192822ACC6A3300999CDC /* Resources */ = {
			isa = PBXResourcesBuildPhase;
			buildActionMask = 2147483647;
			files = (
				50F192942ACC6A3300999CDC /* LaunchScreen.storyboard in Resources */,
				50A7C9EC2AD042D100BB3B9B /* CustomCellForRSSListTableView.xib in Resources */,
				50F192B02AD0422000999CDC /* CustomCellForRSSListCollectionView.xib in Resources */,
				50C4F5F92AD8E7CF0086D21E /* Assets.xcassets in Resources */,
				506EC0262AD04F3100AF08C5 /* CustomCellForSelectRSSTableView.xib in Resources */,
				50F1928F2ACC6A3300999CDC /* Main.storyboard in Resources */,
			);
			runOnlyForDeploymentPostprocessing = 0;
		};
/* End PBXResourcesBuildPhase section */

/* Begin PBXShellScriptBuildPhase section */
		CE7CC98E11500463643D93A2 /* [CP] Check Pods Manifest.lock */ = {
			isa = PBXShellScriptBuildPhase;
			buildActionMask = 2147483647;
			files = (
			);
			inputFileListPaths = (
			);
			inputPaths = (
				"${PODS_PODFILE_DIR_PATH}/Podfile.lock",
				"${PODS_ROOT}/Manifest.lock",
			);
			name = "[CP] Check Pods Manifest.lock";
			outputFileListPaths = (
			);
			outputPaths = (
				"$(DERIVED_FILE_DIR)/Pods-Reader Leader-checkManifestLockResult.txt",
			);
			runOnlyForDeploymentPostprocessing = 0;
			shellPath = /bin/sh;
			shellScript = "diff \"${PODS_PODFILE_DIR_PATH}/Podfile.lock\" \"${PODS_ROOT}/Manifest.lock\" > /dev/null\nif [ $? != 0 ] ; then\n    # print error to STDERR\n    echo \"error: The sandbox is not in sync with the Podfile.lock. Run 'pod install' or update your CocoaPods installation.\" >&2\n    exit 1\nfi\n# This output is used by Xcode 'outputs' to avoid re-running this script phase.\necho \"SUCCESS\" > \"${SCRIPT_OUTPUT_FILE_0}\"\n";
			showEnvVarsInLog = 0;
		};
		F09009A641B814BF1E4B5874 /* [CP] Embed Pods Frameworks */ = {
			isa = PBXShellScriptBuildPhase;
			buildActionMask = 2147483647;
			files = (
			);
			inputFileListPaths = (
				"${PODS_ROOT}/Target Support Files/Pods-Reader Leader/Pods-Reader Leader-frameworks-${CONFIGURATION}-input-files.xcfilelist",
			);
			name = "[CP] Embed Pods Frameworks";
			outputFileListPaths = (
				"${PODS_ROOT}/Target Support Files/Pods-Reader Leader/Pods-Reader Leader-frameworks-${CONFIGURATION}-output-files.xcfilelist",
			);
			runOnlyForDeploymentPostprocessing = 0;
			shellPath = /bin/sh;
			shellScript = "\"${PODS_ROOT}/Target Support Files/Pods-Reader Leader/Pods-Reader Leader-frameworks.sh\"\n";
			showEnvVarsInLog = 0;
		};
/* End PBXShellScriptBuildPhase section */

/* Begin PBXSourcesBuildPhase section */
		50F192802ACC6A3300999CDC /* Sources */ = {
			isa = PBXSourcesBuildPhase;
			buildActionMask = 2147483647;
			files = (
				50FE50042AEFFCDB007A3F18 /* RSSChannelResource.swift in Sources */,
				50949FF32AD76AE800AF30E4 /* CustomCellForRSSListCollectionView.swift in Sources */,
				50FE4FFF2AEA4944007A3F18 /* RSSFeedParser.swift in Sources */,
				50F1928C2ACC6A3300999CDC /* LoginViewController.swift in Sources */,
				507FC1802AD91F410047A787 /* CellForRSSListSideTableView.swift in Sources */,
				50949FE42AD54DE900AF30E4 /* CustomCellForRSSListTableView.swift in Sources */,
				50F192882ACC6A3300999CDC /* AppDelegate.swift in Sources */,
				50F192A42AD040F100999CDC /* RSSListSideViewController.swift in Sources */,
				50F192A62AD0412600999CDC /* ArticleViewController.swift in Sources */,
				50FE4FFD2AEA1ACF007A3F18 /* Preferences.swift in Sources */,
				50F192AA2AD0419400999CDC /* PreferenceSubViewController.swift in Sources */,
				50FE50022AEA4E88007A3F18 /* FeedData.swift in Sources */,
				50949FF92AD7C6F200AF30E4 /* CellForPreferenceTableView.swift in Sources */,
				50F192A82AD0414500999CDC /* PreferenceViewController.swift in Sources */,
				50F1928A2ACC6A3300999CDC /* SceneDelegate.swift in Sources */,
				50F192AC2AD041AF00999CDC /* ManageRSSChannelViewController.swift in Sources */,
				50F192A22AD040DE00999CDC /* RSSCollectionViewController.swift in Sources */,
				50F192A02AD040BF00999CDC /* RSSListTableViewController.swift in Sources */,
				50F1929E2AD0409300999CDC /* SelectRSSChannelViewController.swift in Sources */,
				50949FEF2AD767CA00AF30E4 /* CustomCellForSelectRSSTableView.swift in Sources */,
			);
			runOnlyForDeploymentPostprocessing = 0;
		};
/* End PBXSourcesBuildPhase section */

/* Begin PBXVariantGroup section */
		50F1928D2ACC6A3300999CDC /* Main.storyboard */ = {
			isa = PBXVariantGroup;
			children = (
				50F1928E2ACC6A3300999CDC /* Base */,
			);
			name = Main.storyboard;
			sourceTree = "<group>";
		};
		50F192922ACC6A3300999CDC /* LaunchScreen.storyboard */ = {
			isa = PBXVariantGroup;
			children = (
				50F192932ACC6A3300999CDC /* Base */,
			);
			name = LaunchScreen.storyboard;
			sourceTree = "<group>";
		};
/* End PBXVariantGroup section */

/* Begin XCBuildConfiguration section */
		50F192962ACC6A3300999CDC /* Debug */ = {
			isa = XCBuildConfiguration;
			buildSettings = {
				ALWAYS_SEARCH_USER_PATHS = NO;
				CLANG_ANALYZER_NONNULL = YES;
				CLANG_ANALYZER_NUMBER_OBJECT_CONVERSION = YES_AGGRESSIVE;
				CLANG_CXX_LANGUAGE_STANDARD = "gnu++20";
				CLANG_ENABLE_MODULES = YES;
				CLANG_ENABLE_OBJC_ARC = YES;
				CLANG_ENABLE_OBJC_WEAK = YES;
				CLANG_WARN_BLOCK_CAPTURE_AUTORELEASING = YES;
				CLANG_WARN_BOOL_CONVERSION = YES;
				CLANG_WARN_COMMA = YES;
				CLANG_WARN_CONSTANT_CONVERSION = YES;
				CLANG_WARN_DEPRECATED_OBJC_IMPLEMENTATIONS = YES;
				CLANG_WARN_DIRECT_OBJC_ISA_USAGE = YES_ERROR;
				CLANG_WARN_DOCUMENTATION_COMMENTS = YES;
				CLANG_WARN_EMPTY_BODY = YES;
				CLANG_WARN_ENUM_CONVERSION = YES;
				CLANG_WARN_INFINITE_RECURSION = YES;
				CLANG_WARN_INT_CONVERSION = YES;
				CLANG_WARN_NON_LITERAL_NULL_CONVERSION = YES;
				CLANG_WARN_OBJC_IMPLICIT_RETAIN_SELF = YES;
				CLANG_WARN_OBJC_LITERAL_CONVERSION = YES;
				CLANG_WARN_OBJC_ROOT_CLASS = YES_ERROR;
				CLANG_WARN_QUOTED_INCLUDE_IN_FRAMEWORK_HEADER = YES;
				CLANG_WARN_RANGE_LOOP_ANALYSIS = YES;
				CLANG_WARN_STRICT_PROTOTYPES = YES;
				CLANG_WARN_SUSPICIOUS_MOVE = YES;
				CLANG_WARN_UNGUARDED_AVAILABILITY = YES_AGGRESSIVE;
				CLANG_WARN_UNREACHABLE_CODE = YES;
				CLANG_WARN__DUPLICATE_METHOD_MATCH = YES;
				COPY_PHASE_STRIP = NO;
				DEBUG_INFORMATION_FORMAT = dwarf;
				ENABLE_STRICT_OBJC_MSGSEND = YES;
				ENABLE_TESTABILITY = YES;
				GCC_C_LANGUAGE_STANDARD = gnu11;
				GCC_DYNAMIC_NO_PIC = NO;
				GCC_NO_COMMON_BLOCKS = YES;
				GCC_OPTIMIZATION_LEVEL = 0;
				GCC_PREPROCESSOR_DEFINITIONS = (
					"DEBUG=1",
					"$(inherited)",
				);
				GCC_WARN_64_TO_32_BIT_CONVERSION = YES;
				GCC_WARN_ABOUT_RETURN_TYPE = YES_ERROR;
				GCC_WARN_UNDECLARED_SELECTOR = YES;
				GCC_WARN_UNINITIALIZED_AUTOS = YES_AGGRESSIVE;
				GCC_WARN_UNUSED_FUNCTION = YES;
				GCC_WARN_UNUSED_VARIABLE = YES;
				IPHONEOS_DEPLOYMENT_TARGET = 16.2;
				MTL_ENABLE_DEBUG_INFO = INCLUDE_SOURCE;
				MTL_FAST_MATH = YES;
				ONLY_ACTIVE_ARCH = YES;
				SDKROOT = iphoneos;
				SWIFT_ACTIVE_COMPILATION_CONDITIONS = DEBUG;
				SWIFT_OPTIMIZATION_LEVEL = "-Onone";
			};
			name = Debug;
		};
		50F192972ACC6A3300999CDC /* Release */ = {
			isa = XCBuildConfiguration;
			buildSettings = {
				ALWAYS_SEARCH_USER_PATHS = NO;
				CLANG_ANALYZER_NONNULL = YES;
				CLANG_ANALYZER_NUMBER_OBJECT_CONVERSION = YES_AGGRESSIVE;
				CLANG_CXX_LANGUAGE_STANDARD = "gnu++20";
				CLANG_ENABLE_MODULES = YES;
				CLANG_ENABLE_OBJC_ARC = YES;
				CLANG_ENABLE_OBJC_WEAK = YES;
				CLANG_WARN_BLOCK_CAPTURE_AUTORELEASING = YES;
				CLANG_WARN_BOOL_CONVERSION = YES;
				CLANG_WARN_COMMA = YES;
				CLANG_WARN_CONSTANT_CONVERSION = YES;
				CLANG_WARN_DEPRECATED_OBJC_IMPLEMENTATIONS = YES;
				CLANG_WARN_DIRECT_OBJC_ISA_USAGE = YES_ERROR;
				CLANG_WARN_DOCUMENTATION_COMMENTS = YES;
				CLANG_WARN_EMPTY_BODY = YES;
				CLANG_WARN_ENUM_CONVERSION = YES;
				CLANG_WARN_INFINITE_RECURSION = YES;
				CLANG_WARN_INT_CONVERSION = YES;
				CLANG_WARN_NON_LITERAL_NULL_CONVERSION = YES;
				CLANG_WARN_OBJC_IMPLICIT_RETAIN_SELF = YES;
				CLANG_WARN_OBJC_LITERAL_CONVERSION = YES;
				CLANG_WARN_OBJC_ROOT_CLASS = YES_ERROR;
				CLANG_WARN_QUOTED_INCLUDE_IN_FRAMEWORK_HEADER = YES;
				CLANG_WARN_RANGE_LOOP_ANALYSIS = YES;
				CLANG_WARN_STRICT_PROTOTYPES = YES;
				CLANG_WARN_SUSPICIOUS_MOVE = YES;
				CLANG_WARN_UNGUARDED_AVAILABILITY = YES_AGGRESSIVE;
				CLANG_WARN_UNREACHABLE_CODE = YES;
				CLANG_WARN__DUPLICATE_METHOD_MATCH = YES;
				COPY_PHASE_STRIP = NO;
				DEBUG_INFORMATION_FORMAT = "dwarf-with-dsym";
				ENABLE_NS_ASSERTIONS = NO;
				ENABLE_STRICT_OBJC_MSGSEND = YES;
				GCC_C_LANGUAGE_STANDARD = gnu11;
				GCC_NO_COMMON_BLOCKS = YES;
				GCC_WARN_64_TO_32_BIT_CONVERSION = YES;
				GCC_WARN_ABOUT_RETURN_TYPE = YES_ERROR;
				GCC_WARN_UNDECLARED_SELECTOR = YES;
				GCC_WARN_UNINITIALIZED_AUTOS = YES_AGGRESSIVE;
				GCC_WARN_UNUSED_FUNCTION = YES;
				GCC_WARN_UNUSED_VARIABLE = YES;
				IPHONEOS_DEPLOYMENT_TARGET = 16.2;
				MTL_ENABLE_DEBUG_INFO = NO;
				MTL_FAST_MATH = YES;
				SDKROOT = iphoneos;
				SWIFT_COMPILATION_MODE = wholemodule;
				SWIFT_OPTIMIZATION_LEVEL = "-O";
				VALIDATE_PRODUCT = YES;
			};
			name = Release;
		};
		50F192992ACC6A3300999CDC /* Debug */ = {
			isa = XCBuildConfiguration;
			baseConfigurationReference = 6A0D96BFB800AF3B63349112 /* Pods-Reader Leader.debug.xcconfig */;
			buildSettings = {
				ASSETCATALOG_COMPILER_APPICON_NAME = AppIcon;
				ASSETCATALOG_COMPILER_GLOBAL_ACCENT_COLOR_NAME = AccentColor;
				ASSETCATALOG_COMPILER_INCLUDE_ALL_APPICON_ASSETS = YES;
				CODE_SIGN_STYLE = Automatic;
				CURRENT_PROJECT_VERSION = 1;
				DEVELOPMENT_TEAM = 82F2BX73N3;
				GENERATE_INFOPLIST_FILE = YES;
				INFOPLIST_FILE = "Reader Leader/Info.plist";
				INFOPLIST_KEY_UIApplicationSupportsIndirectInputEvents = YES;
				INFOPLIST_KEY_UILaunchStoryboardName = LaunchScreen.storyboard;
				INFOPLIST_KEY_UIMainStoryboardFile = Main;
				INFOPLIST_KEY_UISupportedInterfaceOrientations = UIInterfaceOrientationPortrait;
				IPHONEOS_DEPLOYMENT_TARGET = 15.0;
				LD_RUNPATH_SEARCH_PATHS = (
					"$(inherited)",
					"@executable_path/Frameworks",
				);
				MARKETING_VERSION = 1.0;
				PRODUCT_BUNDLE_IDENTIFIER = "com.naetos.Reader-Leader";
				PRODUCT_NAME = "$(TARGET_NAME)";
				SUPPORTED_PLATFORMS = "iphoneos iphonesimulator";
				SUPPORTS_MACCATALYST = NO;
				SUPPORTS_MAC_DESIGNED_FOR_IPHONE_IPAD = NO;
				SWIFT_EMIT_LOC_STRINGS = YES;
				SWIFT_VERSION = 5.0;
				TARGETED_DEVICE_FAMILY = "1,2";
			};
			name = Debug;
		};
		50F1929A2ACC6A3300999CDC /* Release */ = {
			isa = XCBuildConfiguration;
			baseConfigurationReference = 61963E806D14C50ACC597502 /* Pods-Reader Leader.release.xcconfig */;
			buildSettings = {
				ASSETCATALOG_COMPILER_APPICON_NAME = AppIcon;
				ASSETCATALOG_COMPILER_GLOBAL_ACCENT_COLOR_NAME = AccentColor;
				ASSETCATALOG_COMPILER_INCLUDE_ALL_APPICON_ASSETS = YES;
				CODE_SIGN_STYLE = Automatic;
				CURRENT_PROJECT_VERSION = 1;
				DEVELOPMENT_TEAM = 82F2BX73N3;
				GENERATE_INFOPLIST_FILE = YES;
				INFOPLIST_FILE = "Reader Leader/Info.plist";
				INFOPLIST_KEY_UIApplicationSupportsIndirectInputEvents = YES;
				INFOPLIST_KEY_UILaunchStoryboardName = LaunchScreen.storyboard;
				INFOPLIST_KEY_UIMainStoryboardFile = Main;
				INFOPLIST_KEY_UISupportedInterfaceOrientations = UIInterfaceOrientationPortrait;
				IPHONEOS_DEPLOYMENT_TARGET = 15.0;
				LD_RUNPATH_SEARCH_PATHS = (
					"$(inherited)",
					"@executable_path/Frameworks",
				);
				MARKETING_VERSION = 1.0;
				PRODUCT_BUNDLE_IDENTIFIER = "com.naetos.Reader-Leader";
				PRODUCT_NAME = "$(TARGET_NAME)";
				SUPPORTED_PLATFORMS = "iphoneos iphonesimulator";
				SUPPORTS_MACCATALYST = NO;
				SUPPORTS_MAC_DESIGNED_FOR_IPHONE_IPAD = NO;
				SWIFT_EMIT_LOC_STRINGS = YES;
				SWIFT_VERSION = 5.0;
				TARGETED_DEVICE_FAMILY = "1,2";
			};
			name = Release;
		};
/* End XCBuildConfiguration section */

/* Begin XCConfigurationList section */
		50F1927F2ACC6A3200999CDC /* Build configuration list for PBXProject "Reader Leader" */ = {
			isa = XCConfigurationList;
			buildConfigurations = (
				50F192962ACC6A3300999CDC /* Debug */,
				50F192972ACC6A3300999CDC /* Release */,
			);
			defaultConfigurationIsVisible = 0;
			defaultConfigurationName = Release;
		};
		50F192982ACC6A3300999CDC /* Build configuration list for PBXNativeTarget "Reader Leader" */ = {
			isa = XCConfigurationList;
			buildConfigurations = (
				50F192992ACC6A3300999CDC /* Debug */,
				50F1929A2ACC6A3300999CDC /* Release */,
			);
			defaultConfigurationIsVisible = 0;
			defaultConfigurationName = Release;
		};
/* End XCConfigurationList section */
	};
	rootObject = 50F1927C2ACC6A3200999CDC /* Project object */;
}
